
Microsoft Visual Studio Solution File, Format Version 12.00
# Visual Studio 15
VisualStudioVersion = 15.0.28010.2026
MinimumVisualStudioVersion = 10.0.40219.1
Project("{FAE04EC0-301F-11D3-BF4B-00C04F79EFBC}") = "CodeWarsRepositories", "CodeWarsRepositories\CodeWarsRepositories.csproj", "{A054C984-6063-449F-AC8B-1B9A0D68FE68}"
EndProject
Project("{FAE04EC0-301F-11D3-BF4B-00C04F79EFBC}") = "Kata6 MorseCodeTranslator", "Kata6 MorseCodeTranslator\Kata6 MorseCodeTranslator.csproj", "{B46123B5-72CB-4E09-9725-8AFFEF385F72}"
EndProject
Project("{FAE04EC0-301F-11D3-BF4B-00C04F79EFBC}") = "Kata6 ConvertStringtoCamelCase", "Kata6 ConvertStringtoCamelCase\Kata6 ConvertStringtoCamelCase.csproj", "{4A9C029A-254A-4F43-9AE6-9904D9BCCC73}"
EndProject
Project("{FAE04EC0-301F-11D3-BF4B-00C04F79EFBC}") = "Kata6 ConvertStringtoCamelCaseTests", "Kata6 ConvertStringtoCamelCaseTests\Kata6 ConvertStringtoCamelCaseTests.csproj", "{B945C410-F34B-4B8C-ACA7-F2F2A072C1C8}"
EndProject
Project("{FAE04EC0-301F-11D3-BF4B-00C04F79EFBC}") = "Kata6 MorseCodeTranslatorTests", "Kata6 MorseCodeTranslatorTests\Kata6 MorseCodeTranslatorTests.csproj", "{FA67BAE9-E4BB-4AA1-A3A6-156EA59D9CE6}"
EndProject
Project("{FAE04EC0-301F-11D3-BF4B-00C04F79EFBC}") = "Kata5 ConvertImproperFractions", "Kata5 ConvertImproperFractions\Kata5 ConvertImproperFractions.csproj", "{7E89A151-C371-4F71-944A-BAD075658F51}"
EndProject
Project("{FAE04EC0-301F-11D3-BF4B-00C04F79EFBC}") = "Kata5 ConvertImproperFractionsTests", "Kata5 ConvertImproperFractionsTests\Kata5 ConvertImproperFractionsTests.csproj", "{66DCB505-2424-4A90-9E89-EF751AFD095E}"
EndProject
Project("{FAE04EC0-301F-11D3-BF4B-00C04F79EFBC}") = "Kata6 BreakCamelCase", "Kata6 BreakCamelCase\Kata6 BreakCamelCase.csproj", "{BD907A89-EA4A-4E56-8583-CC6F47122537}"
EndProject
Project("{FAE04EC0-301F-11D3-BF4B-00C04F79EFBC}") = "Kata6 BreakCamelCaseTests", "Kata6 BreakCamelCaseTests\Kata6 BreakCamelCaseTests.csproj", "{D4F1AE24-7094-430E-B4CC-8422AE2DEA2F}"
EndProject
Project("{FAE04EC0-301F-11D3-BF4B-00C04F79EFBC}") = "Kata6 FindOddInteger", "Kata6 FindOddInteger\Kata6 FindOddInteger.csproj", "{1268A707-F682-4329-8427-C7A099E4509F}"
EndProject
Project("{FAE04EC0-301F-11D3-BF4B-00C04F79EFBC}") = "Kata6 FindOddIntegerTests", "Kata6 FindOddIntegerTests\Kata6 FindOddIntegerTests.csproj", "{BCD7EAB8-B58E-46DB-B729-39858D4AEE30}"
EndProject
Project("{FAE04EC0-301F-11D3-BF4B-00C04F79EFBC}") = "Kata5 WriteNumbers", "Kata5 WriteNumbers\Kata5 WriteNumbers.csproj", "{6DB9324F-7BCF-4F1B-9AF6-50B0EDDCC5E0}"
EndProject
Project("{FAE04EC0-301F-11D3-BF4B-00C04F79EFBC}") = "Kata5 WriteNumbersTests", "Kata5 WriteNumbersTests\Kata5 WriteNumbersTests.csproj", "{A38D952B-5F5A-4715-A4A9-617C14EF6B32}"
EndProject
Project("{FAE04EC0-301F-11D3-BF4B-00C04F79EFBC}") = "Kata5 Rot13", "..\CodeWars\Kata5 ROT13\Kata5 ROT13\Kata5 Rot13.csproj", "{73A907BB-3E72-4077-A80D-1C8DC9B91CEE}"
EndProject
Project("{FAE04EC0-301F-11D3-BF4B-00C04F79EFBC}") = "Kata5 Rot13Tests", "..\CodeWars\Kata5 ROT13\Kata5 Rot13Tests\Kata5 Rot13Tests.csproj", "{074A19C2-35DE-4DBB-AC79-0F434247E214}"
EndProject
Project("{FAE04EC0-301F-11D3-BF4B-00C04F79EFBC}") = "Kata4 LargeFactorials", "..\CodeWars\Kata4 LargeFactorials\Kata4 LargeFactorials\Kata4 LargeFactorials.csproj", "{D95C714B-D31D-4B13-828A-A17FE1A0C334}"
EndProject
Project("{FAE04EC0-301F-11D3-BF4B-00C04F79EFBC}") = "Kata4 LargeFactorialsTests", "..\CodeWars\Kata4 LargeFactorials\Kata4 LargeFactorialsTests\Kata4 LargeFactorialsTests.csproj", "{7FE669FE-B2B4-4CA0-A495-452D8D37D87B}"
EndProject
Project("{FAE04EC0-301F-11D3-BF4B-00C04F79EFBC}") = "Kata5 GreedIsGood", "..\CodeWars\Kata5 GreedIsGood\Kata5 GreedIsGood\Kata5 GreedIsGood.csproj", "{95AE27BD-90FC-4BBC-9626-E0C2C2F34D60}"
EndProject
Project("{FAE04EC0-301F-11D3-BF4B-00C04F79EFBC}") = "Kata5 GreedIsGoodTests", "..\CodeWars\Kata5 GreedIsGood\Kata5 GreedIsGoodTests\Kata5 GreedIsGoodTests.csproj", "{572243D7-D53A-4D81-A6E1-02B45432D816}"
EndProject
Global
	GlobalSection(SolutionConfigurationPlatforms) = preSolution
		Debug|Any CPU = Debug|Any CPU
		Release|Any CPU = Release|Any CPU
	EndGlobalSection
	GlobalSection(ProjectConfigurationPlatforms) = postSolution
		{A054C984-6063-449F-AC8B-1B9A0D68FE68}.Debug|Any CPU.ActiveCfg = Debug|Any CPU
		{A054C984-6063-449F-AC8B-1B9A0D68FE68}.Debug|Any CPU.Build.0 = Debug|Any CPU
		{A054C984-6063-449F-AC8B-1B9A0D68FE68}.Release|Any CPU.ActiveCfg = Release|Any CPU
		{A054C984-6063-449F-AC8B-1B9A0D68FE68}.Release|Any CPU.Build.0 = Release|Any CPU
		{B46123B5-72CB-4E09-9725-8AFFEF385F72}.Debug|Any CPU.ActiveCfg = Debug|Any CPU
		{B46123B5-72CB-4E09-9725-8AFFEF385F72}.Debug|Any CPU.Build.0 = Debug|Any CPU
		{B46123B5-72CB-4E09-9725-8AFFEF385F72}.Release|Any CPU.ActiveCfg = Release|Any CPU
		{B46123B5-72CB-4E09-9725-8AFFEF385F72}.Release|Any CPU.Build.0 = Release|Any CPU
		{4A9C029A-254A-4F43-9AE6-9904D9BCCC73}.Debug|Any CPU.ActiveCfg = Debug|Any CPU
		{4A9C029A-254A-4F43-9AE6-9904D9BCCC73}.Debug|Any CPU.Build.0 = Debug|Any CPU
		{4A9C029A-254A-4F43-9AE6-9904D9BCCC73}.Release|Any CPU.ActiveCfg = Release|Any CPU
		{4A9C029A-254A-4F43-9AE6-9904D9BCCC73}.Release|Any CPU.Build.0 = Release|Any CPU
		{B945C410-F34B-4B8C-ACA7-F2F2A072C1C8}.Debug|Any CPU.ActiveCfg = Debug|Any CPU
		{B945C410-F34B-4B8C-ACA7-F2F2A072C1C8}.Debug|Any CPU.Build.0 = Debug|Any CPU
		{B945C410-F34B-4B8C-ACA7-F2F2A072C1C8}.Release|Any CPU.ActiveCfg = Release|Any CPU
		{B945C410-F34B-4B8C-ACA7-F2F2A072C1C8}.Release|Any CPU.Build.0 = Release|Any CPU
		{FA67BAE9-E4BB-4AA1-A3A6-156EA59D9CE6}.Debug|Any CPU.ActiveCfg = Debug|Any CPU
		{FA67BAE9-E4BB-4AA1-A3A6-156EA59D9CE6}.Debug|Any CPU.Build.0 = Debug|Any CPU
		{FA67BAE9-E4BB-4AA1-A3A6-156EA59D9CE6}.Release|Any CPU.ActiveCfg = Release|Any CPU
		{FA67BAE9-E4BB-4AA1-A3A6-156EA59D9CE6}.Release|Any CPU.Build.0 = Release|Any CPU
		{7E89A151-C371-4F71-944A-BAD075658F51}.Debug|Any CPU.ActiveCfg = Debug|Any CPU
		{7E89A151-C371-4F71-944A-BAD075658F51}.Debug|Any CPU.Build.0 = Debug|Any CPU
		{7E89A151-C371-4F71-944A-BAD075658F51}.Release|Any CPU.ActiveCfg = Release|Any CPU
		{7E89A151-C371-4F71-944A-BAD075658F51}.Release|Any CPU.Build.0 = Release|Any CPU
		{66DCB505-2424-4A90-9E89-EF751AFD095E}.Debug|Any CPU.ActiveCfg = Debug|Any CPU
		{66DCB505-2424-4A90-9E89-EF751AFD095E}.Debug|Any CPU.Build.0 = Debug|Any CPU
		{66DCB505-2424-4A90-9E89-EF751AFD095E}.Release|Any CPU.ActiveCfg = Release|Any CPU
		{66DCB505-2424-4A90-9E89-EF751AFD095E}.Release|Any CPU.Build.0 = Release|Any CPU
		{BD907A89-EA4A-4E56-8583-CC6F47122537}.Debug|Any CPU.ActiveCfg = Debug|Any CPU
		{BD907A89-EA4A-4E56-8583-CC6F47122537}.Debug|Any CPU.Build.0 = Debug|Any CPU
		{BD907A89-EA4A-4E56-8583-CC6F47122537}.Release|Any CPU.ActiveCfg = Release|Any CPU
		{BD907A89-EA4A-4E56-8583-CC6F47122537}.Release|Any CPU.Build.0 = Release|Any CPU
		{D4F1AE24-7094-430E-B4CC-8422AE2DEA2F}.Debug|Any CPU.ActiveCfg = Debug|Any CPU
		{D4F1AE24-7094-430E-B4CC-8422AE2DEA2F}.Debug|Any CPU.Build.0 = Debug|Any CPU
		{D4F1AE24-7094-430E-B4CC-8422AE2DEA2F}.Release|Any CPU.ActiveCfg = Release|Any CPU
		{D4F1AE24-7094-430E-B4CC-8422AE2DEA2F}.Release|Any CPU.Build.0 = Release|Any CPU
		{1268A707-F682-4329-8427-C7A099E4509F}.Debug|Any CPU.ActiveCfg = Debug|Any CPU
		{1268A707-F682-4329-8427-C7A099E4509F}.Debug|Any CPU.Build.0 = Debug|Any CPU
		{1268A707-F682-4329-8427-C7A099E4509F}.Release|Any CPU.ActiveCfg = Release|Any CPU
		{1268A707-F682-4329-8427-C7A099E4509F}.Release|Any CPU.Build.0 = Release|Any CPU
		{BCD7EAB8-B58E-46DB-B729-39858D4AEE30}.Debug|Any CPU.ActiveCfg = Debug|Any CPU
		{BCD7EAB8-B58E-46DB-B729-39858D4AEE30}.Debug|Any CPU.Build.0 = Debug|Any CPU
		{BCD7EAB8-B58E-46DB-B729-39858D4AEE30}.Release|Any CPU.ActiveCfg = Release|Any CPU
		{BCD7EAB8-B58E-46DB-B729-39858D4AEE30}.Release|Any CPU.Build.0 = Release|Any CPU
		{6DB9324F-7BCF-4F1B-9AF6-50B0EDDCC5E0}.Debug|Any CPU.ActiveCfg = Debug|Any CPU
		{6DB9324F-7BCF-4F1B-9AF6-50B0EDDCC5E0}.Debug|Any CPU.Build.0 = Debug|Any CPU
		{6DB9324F-7BCF-4F1B-9AF6-50B0EDDCC5E0}.Release|Any CPU.ActiveCfg = Release|Any CPU
		{6DB9324F-7BCF-4F1B-9AF6-50B0EDDCC5E0}.Release|Any CPU.Build.0 = Release|Any CPU
		{A38D952B-5F5A-4715-A4A9-617C14EF6B32}.Debug|Any CPU.ActiveCfg = Debug|Any CPU
		{A38D952B-5F5A-4715-A4A9-617C14EF6B32}.Debug|Any CPU.Build.0 = Debug|Any CPU
		{A38D952B-5F5A-4715-A4A9-617C14EF6B32}.Release|Any CPU.ActiveCfg = Release|Any CPU
		{A38D952B-5F5A-4715-A4A9-617C14EF6B32}.Release|Any CPU.Build.0 = Release|Any CPU
		{73A907BB-3E72-4077-A80D-1C8DC9B91CEE}.Debug|Any CPU.ActiveCfg = Debug|Any CPU
		{73A907BB-3E72-4077-A80D-1C8DC9B91CEE}.Debug|Any CPU.Build.0 = Debug|Any CPU
		{73A907BB-3E72-4077-A80D-1C8DC9B91CEE}.Release|Any CPU.ActiveCfg = Release|Any CPU
		{73A907BB-3E72-4077-A80D-1C8DC9B91CEE}.Release|Any CPU.Build.0 = Release|Any CPU
		{074A19C2-35DE-4DBB-AC79-0F434247E214}.Debug|Any CPU.ActiveCfg = Debug|Any CPU
		{074A19C2-35DE-4DBB-AC79-0F434247E214}.Debug|Any CPU.Build.0 = Debug|Any CPU
		{074A19C2-35DE-4DBB-AC79-0F434247E214}.Release|Any CPU.ActiveCfg = Release|Any CPU
		{074A19C2-35DE-4DBB-AC79-0F434247E214}.Release|Any CPU.Build.0 = Release|Any CPU
		{D95C714B-D31D-4B13-828A-A17FE1A0C334}.Debug|Any CPU.ActiveCfg = Debug|Any CPU
		{D95C714B-D31D-4B13-828A-A17FE1A0C334}.Debug|Any CPU.Build.0 = Debug|Any CPU
		{D95C714B-D31D-4B13-828A-A17FE1A0C334}.Release|Any CPU.ActiveCfg = Release|Any CPU
		{D95C714B-D31D-4B13-828A-A17FE1A0C334}.Release|Any CPU.Build.0 = Release|Any CPU
		{7FE669FE-B2B4-4CA0-A495-452D8D37D87B}.Debug|Any CPU.ActiveCfg = Debug|Any CPU
		{7FE669FE-B2B4-4CA0-A495-452D8D37D87B}.Debug|Any CPU.Build.0 = Debug|Any CPU
		{7FE669FE-B2B4-4CA0-A495-452D8D37D87B}.Release|Any CPU.ActiveCfg = Release|Any CPU
		{7FE669FE-B2B4-4CA0-A495-452D8D37D87B}.Release|Any CPU.Build.0 = Release|Any CPU
		{95AE27BD-90FC-4BBC-9626-E0C2C2F34D60}.Debug|Any CPU.ActiveCfg = Debug|Any CPU
		{95AE27BD-90FC-4BBC-9626-E0C2C2F34D60}.Debug|Any CPU.Build.0 = Debug|Any CPU
		{95AE27BD-90FC-4BBC-9626-E0C2C2F34D60}.Release|Any CPU.ActiveCfg = Release|Any CPU
		{95AE27BD-90FC-4BBC-9626-E0C2C2F34D60}.Release|Any CPU.Build.0 = Release|Any CPU
		{572243D7-D53A-4D81-A6E1-02B45432D816}.Debug|Any CPU.ActiveCfg = Debug|Any CPU
		{572243D7-D53A-4D81-A6E1-02B45432D816}.Debug|Any CPU.Build.0 = Debug|Any CPU
		{572243D7-D53A-4D81-A6E1-02B45432D816}.Release|Any CPU.ActiveCfg = Release|Any CPU
		{572243D7-D53A-4D81-A6E1-02B45432D816}.Release|Any CPU.Build.0 = Release|Any CPU
	EndGlobalSection
	GlobalSection(SolutionProperties) = preSolution
		HideSolutionNode = FALSE
	EndGlobalSection
	GlobalSection(ExtensibilityGlobals) = postSolution
		SolutionGuid = {EE07D3D4-9D13-4F1C-A398-4BCB791E34A0}
	EndGlobalSection
EndGlobal
